
Microsoft Visual Studio Solution File, Format Version 12.00
# Visual Studio Version 17
VisualStudioVersion = 17.9.34723.18
MinimumVisualStudioVersion = 10.0.40219.1
Project("{FAE04EC0-301F-11D3-BF4B-00C04F79EFBC}") = "One", "One\One.csproj", "{1984335F-4099-412E-9EEC-97335B371C9B}"
EndProject
Project("{FAE04EC0-301F-11D3-BF4B-00C04F79EFBC}") = "Two", "Two\Two.csproj", "{1A8B9BC7-535F-44D9-9300-C15D4DAFF273}"
EndProject
Project("{FAE04EC0-301F-11D3-BF4B-00C04F79EFBC}") = "Three", "Three\Three.csproj", "{203FFC71-43FF-46DC-A116-FCC4769C2F9A}"
EndProject
Global
	GlobalSection(SolutionConfigurationPlatforms) = preSolution
		Debug|Any CPU = Debug|Any CPU
		Release|Any CPU = Release|Any CPU
	EndGlobalSection
	GlobalSection(ProjectConfigurationPlatforms) = postSolution
		{1984335F-4099-412E-9EEC-97335B371C9B}.Debug|Any CPU.ActiveCfg = Debug|Any CPU
		{1984335F-4099-412E-9EEC-97335B371C9B}.Debug|Any CPU.Build.0 = Debug|Any CPU
		{1984335F-4099-412E-9EEC-97335B371C9B}.Release|Any CPU.ActiveCfg = Release|Any CPU
		{1984335F-4099-412E-9EEC-97335B371C9B}.Release|Any CPU.Build.0 = Release|Any CPU
		{1A8B9BC7-535F-44D9-9300-C15D4DAFF273}.Debug|Any CPU.ActiveCfg = Debug|Any CPU
		{1A8B9BC7-535F-44D9-9300-C15D4DAFF273}.Debug|Any CPU.Build.0 = Debug|Any CPU
		{1A8B9BC7-535F-44D9-9300-C15D4DAFF273}.Release|Any CPU.ActiveCfg = Release|Any CPU
		{1A8B9BC7-535F-44D9-9300-C15D4DAFF273}.Release|Any CPU.Build.0 = Release|Any CPU
		{203FFC71-43FF-46DC-A116-FCC4769C2F9A}.Debug|Any CPU.ActiveCfg = Debug|Any CPU
		{203FFC71-43FF-46DC-A116-FCC4769C2F9A}.Debug|Any CPU.Build.0 = Debug|Any CPU
		{203FFC71-43FF-46DC-A116-FCC4769C2F9A}.Release|Any CPU.ActiveCfg = Release|Any CPU
		{203FFC71-43FF-46DC-A116-FCC4769C2F9A}.Release|Any CPU.Build.0 = Release|Any CPU
	EndGlobalSection
	GlobalSection(SolutionProperties) = preSolution
		HideSolutionNode = FALSE
	EndGlobalSection
	GlobalSection(ExtensibilityGlobals) = postSolution
		SolutionGuid = {212E4BA5-E239-4E07-8800-66C83A86C553}
	EndGlobalSection
EndGlobal
